
Microsoft Visual Studio Solution File, Format Version 12.00
# Visual Studio Version 16
VisualStudioVersion = 16.0.29424.173
MinimumVisualStudioVersion = 10.0.40219.1
Project("{FAE04EC0-301F-11D3-BF4B-00C04F79EFBC}") = "PokemonWorld", "PokemonWorld\PokemonWorld.csproj", "{87569281-BFF7-47E3-9A51-F0BEC7FFFA47}"
EndProject
Global
	GlobalSection(SolutionConfigurationPlatforms) = preSolution
		Debug|Any CPU = Debug|Any CPU
		Release|Any CPU = Release|Any CPU
	EndGlobalSection
	GlobalSection(ProjectConfigurationPlatforms) = postSolution
		{87569281-BFF7-47E3-9A51-F0BEC7FFFA47}.Debug|Any CPU.ActiveCfg = Debug|Any CPU
		{87569281-BFF7-47E3-9A51-F0BEC7FFFA47}.Debug|Any CPU.Build.0 = Debug|Any CPU
		{87569281-BFF7-47E3-9A51-F0BEC7FFFA47}.Release|Any CPU.ActiveCfg = Release|Any CPU
		{87569281-BFF7-47E3-9A51-F0BEC7FFFA47}.Release|Any CPU.Build.0 = Release|Any CPU
	EndGlobalSection
	GlobalSection(SolutionProperties) = preSolution
		HideSolutionNode = FALSE
	EndGlobalSection
	GlobalSection(ExtensibilityGlobals) = postSolution
		SolutionGuid = {22812448-9551-450F-B35A-CC3670036348}
	EndGlobalSection
EndGlobal
